
Microsoft Visual Studio Solution File, Format Version 12.00
# Visual Studio 2012
Project("{FAE04EC0-301F-11D3-BF4B-00C04F79EFBC}") = "day1", "day1\day1.csproj", "{5DCB4908-47B9-4873-8960-77DE53052FAD}"
EndProject
Project("{FAE04EC0-301F-11D3-BF4B-00C04F79EFBC}") = "day1_klases", "day1_klases\day1_klases.csproj", "{CED86AB5-C4D7-4B73-9D22-E6F57CBABC00}"
EndProject
Project("{FAE04EC0-301F-11D3-BF4B-00C04F79EFBC}") = "Day2", "Day2\Day2.csproj", "{853223EF-2241-44AE-A61F-B8705D7B95A7}"
EndProject
Project("{FAE04EC0-301F-11D3-BF4B-00C04F79EFBC}") = "meginajumi", "meginajumi\meginajumi.csproj", "{486713B4-E521-47AC-B172-392F984162B5}"
EndProject
Project("{FAE04EC0-301F-11D3-BF4B-00C04F79EFBC}") = "Day3", "Day3\Day3.csproj", "{C7A006C6-62FA-4CD3-9356-9BC22A039B24}"
EndProject
Project("{FAE04EC0-301F-11D3-BF4B-00C04F79EFBC}") = "Day3_sazarojumi", "Day3_sazarojumi\Day3_sazarojumi.csproj", "{26549FB6-E989-4860-8936-5B867B581D73}"
EndProject
Project("{FAE04EC0-301F-11D3-BF4B-00C04F79EFBC}") = "MajasDarbi", "MajasDarbi\MajasDarbi.csproj", "{8633E9B2-3035-46F5-BA7E-AD49EC9D0D90}"
EndProject
Project("{FAE04EC0-301F-11D3-BF4B-00C04F79EFBC}") = "Day4", "Day4\Day4.csproj", "{FDEAA74E-FFA5-4538-9D59-C1AB0F1290C1}"
EndProject
Project("{FAE04EC0-301F-11D3-BF4B-00C04F79EFBC}") = "Day5_PraktiskaisDarbs", "Day5_PraktiskaisDarbs\Day5_PraktiskaisDarbs.csproj", "{8B94E5B7-708F-4E67-809B-CF717E264A14}"
EndProject
Project("{FAE04EC0-301F-11D3-BF4B-00C04F79EFBC}") = "Day6", "Day6\Day6.csproj", "{42E6EE0C-E96F-4754-93C0-2C1C7D6F5777}"
EndProject
Project("{FAE04EC0-301F-11D3-BF4B-00C04F79EFBC}") = "BlackJack", "BlackJack\BlackJack.csproj", "{96638FCD-C3ED-4F46-AA94-0D6FCD7F180A}"
EndProject
Project("{FAE04EC0-301F-11D3-BF4B-00C04F79EFBC}") = "Day7", "Day7\Day7.csproj", "{115F59B1-A65E-4295-86F5-C3CEFB023631}"
EndProject
Project("{FAE04EC0-301F-11D3-BF4B-00C04F79EFBC}") = "Day8", "Day8\Day8.csproj", "{DE65A481-9767-4531-BFF6-49A8E674AD31}"
EndProject
Project("{FAE04EC0-301F-11D3-BF4B-00C04F79EFBC}") = "Day9", "Day9\Day9.csproj", "{F81DA4CD-1770-4A3C-A6C6-793D17F88E15}"
EndProject
Project("{FAE04EC0-301F-11D3-BF4B-00C04F79EFBC}") = "MajasDarbi2", "MajasDarbi2\MajasDarbi2.csproj", "{7EAFFE60-955A-422D-BA23-B14B4BE6F732}"
EndProject
Project("{FAE04EC0-301F-11D3-BF4B-00C04F79EFBC}") = "Day10", "Day10\Day10.csproj", "{2734454C-D5C4-465C-807F-D845EE65296D}"
EndProject
Project("{FAE04EC0-301F-11D3-BF4B-00C04F79EFBC}") = "karatavas", "karatavas\karatavas.csproj", "{96FBABD5-EBAF-4933-9FC0-DBA364C2953D}"
EndProject
Global
	GlobalSection(SolutionConfigurationPlatforms) = preSolution
		Debug|x86 = Debug|x86
		Release|x86 = Release|x86
	EndGlobalSection
	GlobalSection(ProjectConfigurationPlatforms) = postSolution
		{5DCB4908-47B9-4873-8960-77DE53052FAD}.Debug|x86.ActiveCfg = Debug|x86
		{5DCB4908-47B9-4873-8960-77DE53052FAD}.Debug|x86.Build.0 = Debug|x86
		{5DCB4908-47B9-4873-8960-77DE53052FAD}.Release|x86.ActiveCfg = Release|x86
		{5DCB4908-47B9-4873-8960-77DE53052FAD}.Release|x86.Build.0 = Release|x86
		{CED86AB5-C4D7-4B73-9D22-E6F57CBABC00}.Debug|x86.ActiveCfg = Debug|x86
		{CED86AB5-C4D7-4B73-9D22-E6F57CBABC00}.Debug|x86.Build.0 = Debug|x86
		{CED86AB5-C4D7-4B73-9D22-E6F57CBABC00}.Release|x86.ActiveCfg = Release|x86
		{CED86AB5-C4D7-4B73-9D22-E6F57CBABC00}.Release|x86.Build.0 = Release|x86
		{853223EF-2241-44AE-A61F-B8705D7B95A7}.Debug|x86.ActiveCfg = Debug|x86
		{853223EF-2241-44AE-A61F-B8705D7B95A7}.Debug|x86.Build.0 = Debug|x86
		{853223EF-2241-44AE-A61F-B8705D7B95A7}.Release|x86.ActiveCfg = Release|x86
		{853223EF-2241-44AE-A61F-B8705D7B95A7}.Release|x86.Build.0 = Release|x86
		{486713B4-E521-47AC-B172-392F984162B5}.Debug|x86.ActiveCfg = Debug|x86
		{486713B4-E521-47AC-B172-392F984162B5}.Debug|x86.Build.0 = Debug|x86
		{486713B4-E521-47AC-B172-392F984162B5}.Release|x86.ActiveCfg = Release|x86
		{486713B4-E521-47AC-B172-392F984162B5}.Release|x86.Build.0 = Release|x86
		{C7A006C6-62FA-4CD3-9356-9BC22A039B24}.Debug|x86.ActiveCfg = Debug|x86
		{C7A006C6-62FA-4CD3-9356-9BC22A039B24}.Debug|x86.Build.0 = Debug|x86
		{C7A006C6-62FA-4CD3-9356-9BC22A039B24}.Release|x86.ActiveCfg = Release|x86
		{C7A006C6-62FA-4CD3-9356-9BC22A039B24}.Release|x86.Build.0 = Release|x86
		{26549FB6-E989-4860-8936-5B867B581D73}.Debug|x86.ActiveCfg = Debug|x86
		{26549FB6-E989-4860-8936-5B867B581D73}.Debug|x86.Build.0 = Debug|x86
		{26549FB6-E989-4860-8936-5B867B581D73}.Release|x86.ActiveCfg = Release|x86
		{26549FB6-E989-4860-8936-5B867B581D73}.Release|x86.Build.0 = Release|x86
		{8633E9B2-3035-46F5-BA7E-AD49EC9D0D90}.Debug|x86.ActiveCfg = Debug|x86
		{8633E9B2-3035-46F5-BA7E-AD49EC9D0D90}.Debug|x86.Build.0 = Debug|x86
		{8633E9B2-3035-46F5-BA7E-AD49EC9D0D90}.Release|x86.ActiveCfg = Release|x86
		{8633E9B2-3035-46F5-BA7E-AD49EC9D0D90}.Release|x86.Build.0 = Release|x86
		{FDEAA74E-FFA5-4538-9D59-C1AB0F1290C1}.Debug|x86.ActiveCfg = Debug|x86
		{FDEAA74E-FFA5-4538-9D59-C1AB0F1290C1}.Debug|x86.Build.0 = Debug|x86
		{FDEAA74E-FFA5-4538-9D59-C1AB0F1290C1}.Release|x86.ActiveCfg = Release|x86
		{FDEAA74E-FFA5-4538-9D59-C1AB0F1290C1}.Release|x86.Build.0 = Release|x86
		{8B94E5B7-708F-4E67-809B-CF717E264A14}.Debug|x86.ActiveCfg = Debug|x86
		{8B94E5B7-708F-4E67-809B-CF717E264A14}.Debug|x86.Build.0 = Debug|x86
		{8B94E5B7-708F-4E67-809B-CF717E264A14}.Release|x86.ActiveCfg = Release|x86
		{8B94E5B7-708F-4E67-809B-CF717E264A14}.Release|x86.Build.0 = Release|x86
		{42E6EE0C-E96F-4754-93C0-2C1C7D6F5777}.Debug|x86.ActiveCfg = Debug|x86
		{42E6EE0C-E96F-4754-93C0-2C1C7D6F5777}.Debug|x86.Build.0 = Debug|x86
		{42E6EE0C-E96F-4754-93C0-2C1C7D6F5777}.Release|x86.ActiveCfg = Release|x86
		{42E6EE0C-E96F-4754-93C0-2C1C7D6F5777}.Release|x86.Build.0 = Release|x86
		{96638FCD-C3ED-4F46-AA94-0D6FCD7F180A}.Debug|x86.ActiveCfg = Debug|x86
		{96638FCD-C3ED-4F46-AA94-0D6FCD7F180A}.Debug|x86.Build.0 = Debug|x86
		{96638FCD-C3ED-4F46-AA94-0D6FCD7F180A}.Release|x86.ActiveCfg = Release|x86
		{96638FCD-C3ED-4F46-AA94-0D6FCD7F180A}.Release|x86.Build.0 = Release|x86
		{115F59B1-A65E-4295-86F5-C3CEFB023631}.Debug|x86.ActiveCfg = Debug|x86
		{115F59B1-A65E-4295-86F5-C3CEFB023631}.Debug|x86.Build.0 = Debug|x86
		{115F59B1-A65E-4295-86F5-C3CEFB023631}.Release|x86.ActiveCfg = Release|x86
		{115F59B1-A65E-4295-86F5-C3CEFB023631}.Release|x86.Build.0 = Release|x86
		{DE65A481-9767-4531-BFF6-49A8E674AD31}.Debug|x86.ActiveCfg = Debug|x86
		{DE65A481-9767-4531-BFF6-49A8E674AD31}.Debug|x86.Build.0 = Debug|x86
		{DE65A481-9767-4531-BFF6-49A8E674AD31}.Release|x86.ActiveCfg = Release|x86
		{DE65A481-9767-4531-BFF6-49A8E674AD31}.Release|x86.Build.0 = Release|x86
		{F81DA4CD-1770-4A3C-A6C6-793D17F88E15}.Debug|x86.ActiveCfg = Debug|x86
		{F81DA4CD-1770-4A3C-A6C6-793D17F88E15}.Debug|x86.Build.0 = Debug|x86
		{F81DA4CD-1770-4A3C-A6C6-793D17F88E15}.Release|x86.ActiveCfg = Release|x86
		{F81DA4CD-1770-4A3C-A6C6-793D17F88E15}.Release|x86.Build.0 = Release|x86
		{7EAFFE60-955A-422D-BA23-B14B4BE6F732}.Debug|x86.ActiveCfg = Debug|x86
		{7EAFFE60-955A-422D-BA23-B14B4BE6F732}.Debug|x86.Build.0 = Debug|x86
		{7EAFFE60-955A-422D-BA23-B14B4BE6F732}.Release|x86.ActiveCfg = Release|x86
		{7EAFFE60-955A-422D-BA23-B14B4BE6F732}.Release|x86.Build.0 = Release|x86
		{2734454C-D5C4-465C-807F-D845EE65296D}.Debug|x86.ActiveCfg = Debug|x86
		{2734454C-D5C4-465C-807F-D845EE65296D}.Debug|x86.Build.0 = Debug|x86
		{2734454C-D5C4-465C-807F-D845EE65296D}.Release|x86.ActiveCfg = Release|x86
		{2734454C-D5C4-465C-807F-D845EE65296D}.Release|x86.Build.0 = Release|x86
		{96FBABD5-EBAF-4933-9FC0-DBA364C2953D}.Debug|x86.ActiveCfg = Debug|x86
		{96FBABD5-EBAF-4933-9FC0-DBA364C2953D}.Debug|x86.Build.0 = Debug|x86
		{96FBABD5-EBAF-4933-9FC0-DBA364C2953D}.Release|x86.ActiveCfg = Release|x86
		{96FBABD5-EBAF-4933-9FC0-DBA364C2953D}.Release|x86.Build.0 = Release|x86
	EndGlobalSection
EndGlobal
